
Microsoft Visual Studio Solution File, Format Version 12.00
Project("{FAE04EC0-301F-11D3-BF4B-00C04F79EFBC}") = "Hand2Note.ProgressView", "Hand2Note.ProgressView\Hand2Note.ProgressView.csproj", "{6A62867F-C3AA-483F-804D-5BA6C516B601}"
EndProject
Global
	GlobalSection(SolutionConfigurationPlatforms) = preSolution
		Debug|Any CPU = Debug|Any CPU
		Release|Any CPU = Release|Any CPU
	EndGlobalSection
	GlobalSection(ProjectConfigurationPlatforms) = postSolution
		{6A62867F-C3AA-483F-804D-5BA6C516B601}.Debug|Any CPU.ActiveCfg = Debug|Any CPU
		{6A62867F-C3AA-483F-804D-5BA6C516B601}.Debug|Any CPU.Build.0 = Debug|Any CPU
		{6A62867F-C3AA-483F-804D-5BA6C516B601}.Release|Any CPU.ActiveCfg = Release|Any CPU
		{6A62867F-C3AA-483F-804D-5BA6C516B601}.Release|Any CPU.Build.0 = Release|Any CPU
	EndGlobalSection
EndGlobal
